{
    "name": "@vanyamate/url-shorten",
    "version": "0.0.5",
    "lockfileVersion": 3,
    "requires": true,
    "packages": {
        "": {
            "name": "@vanyamate/url-shorten",
            "version": "0.0.5",
            "dependencies": {
                "@vanyamate/types-kit": "^0.0.17"
            }
        },
        "node_modules/@vanyamate/types-kit": {
            "version": "0.0.17",
            "resolved": "https://registry.npmjs.org/@vanyamate/types-kit/-/types-kit-0.0.17.tgz",
            "integrity": "sha512-NQHyTL7ov0XmebtgrWNOkLGi3TjKHc7yxshPgGtnZjXu8eTJdCHwF3pgWANw6WhXsQ2yTYgVow+lDGkNsD1gDQ=="
        }
    }
}
